
Microsoft Visual Studio Solution File, Format Version 12.00
# Visual Studio Version 16
VisualStudioVersion = 16.0.30204.135
MinimumVisualStudioVersion = 10.0.40219.1
Project("{FAE04EC0-301F-11D3-BF4B-00C04F79EFBC}") = "PSidder", "PSidder.csproj", "{F736E4B9-C5E6-4001-A55F-ED2BF62AEDA3}"
EndProject
Global
	GlobalSection(SolutionConfigurationPlatforms) = preSolution
		Debug|Any CPU = Debug|Any CPU
		Release|Any CPU = Release|Any CPU
	EndGlobalSection
	GlobalSection(ProjectConfigurationPlatforms) = postSolution
		{F736E4B9-C5E6-4001-A55F-ED2BF62AEDA3}.Debug|Any CPU.ActiveCfg = Debug|Any CPU
		{F736E4B9-C5E6-4001-A55F-ED2BF62AEDA3}.Debug|Any CPU.Build.0 = Debug|Any CPU
		{F736E4B9-C5E6-4001-A55F-ED2BF62AEDA3}.Release|Any CPU.ActiveCfg = Release|Any CPU
		{F736E4B9-C5E6-4001-A55F-ED2BF62AEDA3}.Release|Any CPU.Build.0 = Release|Any CPU
	EndGlobalSection
	GlobalSection(SolutionProperties) = preSolution
		HideSolutionNode = FALSE
	EndGlobalSection
	GlobalSection(ExtensibilityGlobals) = postSolution
		SolutionGuid = {ACF99E6E-FE0F-4455-952A-DC45EA9E1A42}
	EndGlobalSection
EndGlobal
